
Microsoft Visual Studio Solution File, Format Version 12.00
Project("{FAE04EC0-301F-11D3-BF4B-00C04F79EFBC}") = "WebApplication", "WebApplication.csproj", "{BD1EACDB-9F0E-4AA5-825E-DCD2BF38E9CA}"
EndProject
Global
	GlobalSection(SolutionConfigurationPlatforms) = preSolution
		Debug|Any CPU = Debug|Any CPU
		Release|Any CPU = Release|Any CPU
	EndGlobalSection
	GlobalSection(ProjectConfigurationPlatforms) = postSolution
		{BD1EACDB-9F0E-4AA5-825E-DCD2BF38E9CA}.Debug|Any CPU.ActiveCfg = Debug|Any CPU
		{BD1EACDB-9F0E-4AA5-825E-DCD2BF38E9CA}.Debug|Any CPU.Build.0 = Debug|Any CPU
		{BD1EACDB-9F0E-4AA5-825E-DCD2BF38E9CA}.Release|Any CPU.ActiveCfg = Release|Any CPU
		{BD1EACDB-9F0E-4AA5-825E-DCD2BF38E9CA}.Release|Any CPU.Build.0 = Release|Any CPU
	EndGlobalSection
EndGlobal
